
Microsoft Visual Studio Solution File, Format Version 12.00
# Visual Studio Version 17
VisualStudioVersion = 17.4.33103.184
MinimumVisualStudioVersion = 10.0.40219.1
Project("{9A19103F-16F7-4668-BE54-9A1E7A4F7556}") = "StoreApp", "StoreApp.csproj", "{CF184C33-C5CD-42B6-AE7E-8E57774D3944}"
EndProject
Project("{9A19103F-16F7-4668-BE54-9A1E7A4F7556}") = "StoreApp.Data", "..\StoreApp.Data\StoreApp.Data.csproj", "{7362B589-FC82-4683-8B93-02CB843271BE}"
EndProject
Project("{9A19103F-16F7-4668-BE54-9A1E7A4F7556}") = "StoreApp.Persistence", "..\StoreApp.Persistence\StoreApp.Persistence.csproj", "{873FB63F-1448-4D9D-B7A0-8A82CBCB73DD}"
EndProject
Global
	GlobalSection(SolutionConfigurationPlatforms) = preSolution
		Debug|Any CPU = Debug|Any CPU
		Release|Any CPU = Release|Any CPU
	EndGlobalSection
	GlobalSection(ProjectConfigurationPlatforms) = postSolution
		{CF184C33-C5CD-42B6-AE7E-8E57774D3944}.Debug|Any CPU.ActiveCfg = Debug|Any CPU
		{CF184C33-C5CD-42B6-AE7E-8E57774D3944}.Debug|Any CPU.Build.0 = Debug|Any CPU
		{CF184C33-C5CD-42B6-AE7E-8E57774D3944}.Release|Any CPU.ActiveCfg = Release|Any CPU
		{CF184C33-C5CD-42B6-AE7E-8E57774D3944}.Release|Any CPU.Build.0 = Release|Any CPU
		{7362B589-FC82-4683-8B93-02CB843271BE}.Debug|Any CPU.ActiveCfg = Debug|Any CPU
		{7362B589-FC82-4683-8B93-02CB843271BE}.Debug|Any CPU.Build.0 = Debug|Any CPU
		{7362B589-FC82-4683-8B93-02CB843271BE}.Release|Any CPU.ActiveCfg = Release|Any CPU
		{7362B589-FC82-4683-8B93-02CB843271BE}.Release|Any CPU.Build.0 = Release|Any CPU
		{873FB63F-1448-4D9D-B7A0-8A82CBCB73DD}.Debug|Any CPU.ActiveCfg = Debug|Any CPU
		{873FB63F-1448-4D9D-B7A0-8A82CBCB73DD}.Debug|Any CPU.Build.0 = Debug|Any CPU
		{873FB63F-1448-4D9D-B7A0-8A82CBCB73DD}.Release|Any CPU.ActiveCfg = Release|Any CPU
		{873FB63F-1448-4D9D-B7A0-8A82CBCB73DD}.Release|Any CPU.Build.0 = Release|Any CPU
	EndGlobalSection
	GlobalSection(SolutionProperties) = preSolution
		HideSolutionNode = FALSE
	EndGlobalSection
	GlobalSection(ExtensibilityGlobals) = postSolution
		SolutionGuid = {E2415D76-1947-4676-B7EE-11382F690240}
	EndGlobalSection
EndGlobal
